
Microsoft Visual Studio Solution File, Format Version 12.00
# Visual Studio 2013
VisualStudioVersion = 12.0.30324.0
MinimumVisualStudioVersion = 10.0.40219.1
Project("{FAE04EC0-301F-11D3-BF4B-00C04F79EFBC}") = "FPS_VolumeDown", "FPS_VolumeDown\FPS_VolumeDown.csproj", "{325D8F27-F982-4B6E-8150-2948CC341CBC}"
EndProject
Project("{FAE04EC0-301F-11D3-BF4B-00C04F79EFBC}") = "FPS_VolumeUp", "FPS_VolumeUp\FPS_VolumeUp.csproj", "{061E0445-B6D1-4943-8CD3-20B9121AC114}"
EndProject
Project("{FAE04EC0-301F-11D3-BF4B-00C04F79EFBC}") = "FoobarLink", "FoobarLink\FoobarLink.csproj", "{71DECBAB-B0AC-47BC-A366-F47484722F04}"
EndProject
Global
	GlobalSection(SolutionConfigurationPlatforms) = preSolution
		Debug|Any CPU = Debug|Any CPU
		Release|Any CPU = Release|Any CPU
	EndGlobalSection
	GlobalSection(ProjectConfigurationPlatforms) = postSolution
		{325D8F27-F982-4B6E-8150-2948CC341CBC}.Debug|Any CPU.ActiveCfg = Debug|Any CPU
		{325D8F27-F982-4B6E-8150-2948CC341CBC}.Debug|Any CPU.Build.0 = Debug|Any CPU
		{325D8F27-F982-4B6E-8150-2948CC341CBC}.Release|Any CPU.ActiveCfg = Release|Any CPU
		{325D8F27-F982-4B6E-8150-2948CC341CBC}.Release|Any CPU.Build.0 = Release|Any CPU
		{061E0445-B6D1-4943-8CD3-20B9121AC114}.Debug|Any CPU.ActiveCfg = Debug|Any CPU
		{061E0445-B6D1-4943-8CD3-20B9121AC114}.Debug|Any CPU.Build.0 = Debug|Any CPU
		{061E0445-B6D1-4943-8CD3-20B9121AC114}.Release|Any CPU.ActiveCfg = Release|Any CPU
		{061E0445-B6D1-4943-8CD3-20B9121AC114}.Release|Any CPU.Build.0 = Release|Any CPU
		{71DECBAB-B0AC-47BC-A366-F47484722F04}.Debug|Any CPU.ActiveCfg = Debug|Any CPU
		{71DECBAB-B0AC-47BC-A366-F47484722F04}.Debug|Any CPU.Build.0 = Debug|Any CPU
		{71DECBAB-B0AC-47BC-A366-F47484722F04}.Release|Any CPU.ActiveCfg = Release|Any CPU
		{71DECBAB-B0AC-47BC-A366-F47484722F04}.Release|Any CPU.Build.0 = Release|Any CPU
	EndGlobalSection
	GlobalSection(SolutionProperties) = preSolution
		HideSolutionNode = FALSE
	EndGlobalSection
EndGlobal
